
Microsoft Visual Studio Solution File, Format Version 12.00
# Visual Studio Version 17
VisualStudioVersion = 17.8.34330.188
MinimumVisualStudioVersion = 10.0.40219.1
Project("{FAE04EC0-301F-11D3-BF4B-00C04F79EFBC}") = "CafeteriaManagement", "CafeteriaManagement\CafeteriaManagement.csproj", "{242A9F09-6239-47D6-AE5F-B51025DD6FA1}"
EndProject
Global
	GlobalSection(SolutionConfigurationPlatforms) = preSolution
		Debug|Any CPU = Debug|Any CPU
		Release|Any CPU = Release|Any CPU
	EndGlobalSection
	GlobalSection(ProjectConfigurationPlatforms) = postSolution
		{242A9F09-6239-47D6-AE5F-B51025DD6FA1}.Debug|Any CPU.ActiveCfg = Debug|Any CPU
		{242A9F09-6239-47D6-AE5F-B51025DD6FA1}.Debug|Any CPU.Build.0 = Debug|Any CPU
		{242A9F09-6239-47D6-AE5F-B51025DD6FA1}.Release|Any CPU.ActiveCfg = Release|Any CPU
		{242A9F09-6239-47D6-AE5F-B51025DD6FA1}.Release|Any CPU.Build.0 = Release|Any CPU
	EndGlobalSection
	GlobalSection(SolutionProperties) = preSolution
		HideSolutionNode = FALSE
	EndGlobalSection
	GlobalSection(ExtensibilityGlobals) = postSolution
		SolutionGuid = {4192771E-E538-4237-A0FA-CA673A862AE6}
	EndGlobalSection
EndGlobal
